
Microsoft Visual Studio Solution File, Format Version 12.00
# Visual Studio Version 16
VisualStudioVersion = 16.0.37027.11
MinimumVisualStudioVersion = 10.0.40219.1
Project("{FAE04EC0-301F-11D3-BF4B-00C04F79EFBC}") = "JogoEspadaPocaoBits", "JogoEspadaPocaoBits.csproj", "{CD7B2CF2-BC6F-4921-B9A9-964859FC0A9A}"
EndProject
Global
	GlobalSection(SolutionConfigurationPlatforms) = preSolution
		Debug|Any CPU = Debug|Any CPU
		Release|Any CPU = Release|Any CPU
	EndGlobalSection
	GlobalSection(ProjectConfigurationPlatforms) = postSolution
		{CD7B2CF2-BC6F-4921-B9A9-964859FC0A9A}.Debug|Any CPU.ActiveCfg = Debug|Any CPU
		{CD7B2CF2-BC6F-4921-B9A9-964859FC0A9A}.Debug|Any CPU.Build.0 = Debug|Any CPU
		{CD7B2CF2-BC6F-4921-B9A9-964859FC0A9A}.Release|Any CPU.ActiveCfg = Release|Any CPU
		{CD7B2CF2-BC6F-4921-B9A9-964859FC0A9A}.Release|Any CPU.Build.0 = Release|Any CPU
	EndGlobalSection
	GlobalSection(SolutionProperties) = preSolution
		HideSolutionNode = FALSE
	EndGlobalSection
	GlobalSection(ExtensibilityGlobals) = postSolution
		SolutionGuid = {934C5512-9E4B-43CF-BAC5-7DEEDBA64CE8}
	EndGlobalSection
EndGlobal
